// !$*UTF8*$!
{
	archiveVersion = 1;
	classes = {
	};
	objectVersion = 46;
	objects = {

/* Begin PBXBuildFile section */
		0F0C2AB71DBF42F400AD7D07 /* GeneratePreviewForURL.c in Sources */ = {isa = PBXBuildFile; fileRef = 0F0C2AB41DBF42F400AD7D07 /* GeneratePreviewForURL.c */; };
		0F0C2AB81DBF42F400AD7D07 /* GenerateThumbnailForURL.c in Sources */ = {isa = PBXBuildFile; fileRef = 0F0C2AB51DBF42F400AD7D07 /* GenerateThumbnailForURL.c */; };
		0F0C2AB91DBF42F400AD7D07 /* main.c in Sources */ = {isa = PBXBuildFile; fileRef = 0F0C2AB61DBF42F400AD7D07 /* main.c */; };
		0F0C2ABC1DBF431E00AD7D07 /* ql_generate.c in Sources */ = {isa = PBXBuildFile; fileRef = 0F0C2ABA1DBF431E00AD7D07 /* ql_generate.c */; };
		0F0C2ABD1DBF431E00AD7D07 /* ql_generate.h in Headers */ = {isa = PBXBuildFile; fileRef = 0F0C2ABB1DBF431E00AD7D07 /* ql_generate.h */; };
/* End PBXBuildFile section */

/* Begin PBXFileReference section */
		0F0C2A8C1DBF40C600AD7D07 /* libpud.a */ = {isa = PBXFileReference; lastKnownFileType = archive.ar; name = libpud.a; path = build/libpud/libpud.a; sourceTree = "<group>"; };
		0F0C2AA71DBF426200AD7D07 /* pud-quicklook.qlgenerator */ = {isa = PBXFileReference; explicitFileType = wrapper.cfbundle; includeInIndex = 0; path = "pud-quicklook.qlgenerator"; sourceTree = BUILT_PRODUCTS_DIR; };
		0F0C2AAF1DBF426200AD7D07 /* Info.plist */ = {isa = PBXFileReference; lastKnownFileType = text.plist.xml; path = Info.plist; sourceTree = "<group>"; };
		0F0C2AB41DBF42F400AD7D07 /* GeneratePreviewForURL.c */ = {isa = PBXFileReference; fileEncoding = 4; lastKnownFileType = sourcecode.c.c; path = GeneratePreviewForURL.c; sourceTree = "<group>"; };
		0F0C2AB51DBF42F400AD7D07 /* GenerateThumbnailForURL.c */ = {isa = PBXFileReference; fileEncoding = 4; lastKnownFileType = sourcecode.c.c; path = GenerateThumbnailForURL.c; sourceTree = "<group>"; };
		0F0C2AB61DBF42F400AD7D07 /* main.c */ = {isa = PBXFileReference; fileEncoding = 4; lastKnownFileType = sourcecode.c.c; path = main.c; sourceTree = "<group>"; };
		0F0C2ABA1DBF431E00AD7D07 /* ql_generate.c */ = {isa = PBXFileReference; fileEncoding = 4; lastKnownFileType = sourcecode.c.c; path = ql_generate.c; sourceTree = "<group>"; };
		0F0C2ABB1DBF431E00AD7D07 /* ql_generate.h */ = {isa = PBXFileReference; fileEncoding = 4; lastKnownFileType = sourcecode.c.h; path = ql_generate.h; sourceTree = "<group>"; };
/* End PBXFileReference section */

/* Begin PBXFrameworksBuildPhase section */
		0F0C2AA31DBF426100AD7D07 /* Frameworks */ = {
			isa = PBXFrameworksBuildPhase;
			buildActionMask = 2147483647;
			files = (
			);
			runOnlyForDeploymentPostprocessing = 0;
		};
/* End PBXFrameworksBuildPhase section */

/* Begin PBXGroup section */
		0F0C2A8B1DBF40C600AD7D07 /* Frameworks */ = {
			isa = PBXGroup;
			children = (
				0F0C2A8C1DBF40C600AD7D07 /* libpud.a */,
			);
			name = Frameworks;
			sourceTree = "<group>";
		};
		0F0C2AA81DBF426200AD7D07 /* pud-quicklook */ = {
			isa = PBXGroup;
			children = (
				0F0C2ABA1DBF431E00AD7D07 /* ql_generate.c */,
				0F0C2ABB1DBF431E00AD7D07 /* ql_generate.h */,
				0F0C2AB41DBF42F400AD7D07 /* GeneratePreviewForURL.c */,
				0F0C2AB51DBF42F400AD7D07 /* GenerateThumbnailForURL.c */,
				0F0C2AB61DBF42F400AD7D07 /* main.c */,
				0F0C2AAF1DBF426200AD7D07 /* Info.plist */,
			);
			path = "pud-quicklook";
			sourceTree = "<group>";
		};
		0FCED1761DAACAFE00C71689 = {
			isa = PBXGroup;
			children = (
				0F0C2AA81DBF426200AD7D07 /* pud-quicklook */,
				0FCED1811DAACAFF00C71689 /* Products */,
				0F0C2A8B1DBF40C600AD7D07 /* Frameworks */,
			);
			sourceTree = "<group>";
		};
		0FCED1811DAACAFF00C71689 /* Products */ = {
			isa = PBXGroup;
			children = (
				0F0C2AA71DBF426200AD7D07 /* pud-quicklook.qlgenerator */,
			);
			name = Products;
			sourceTree = "<group>";
		};
/* End PBXGroup section */

/* Begin PBXHeadersBuildPhase section */
		0F0C2AA41DBF426100AD7D07 /* Headers */ = {
			isa = PBXHeadersBuildPhase;
			buildActionMask = 2147483647;
			files = (
				0F0C2ABD1DBF431E00AD7D07 /* ql_generate.h in Headers */,
			);
			runOnlyForDeploymentPostprocessing = 0;
		};
/* End PBXHeadersBuildPhase section */

/* Begin PBXNativeTarget section */
		0F0C2AA61DBF426100AD7D07 /* pud-quicklook */ = {
			isa = PBXNativeTarget;
			buildConfigurationList = 0F0C2AB01DBF426200AD7D07 /* Build configuration list for PBXNativeTarget "pud-quicklook" */;
			buildPhases = (
				0F0C2AA21DBF426100AD7D07 /* Sources */,
				0F0C2AA31DBF426100AD7D07 /* Frameworks */,
				0F0C2AA41DBF426100AD7D07 /* Headers */,
				0F0C2AA51DBF426100AD7D07 /* Resources */,
			);
			buildRules = (
			);
			dependencies = (
			);
			name = "pud-quicklook";
			productName = "pud-quicklook";
			productReference = 0F0C2AA71DBF426200AD7D07 /* pud-quicklook.qlgenerator */;
			productType = "com.apple.product-type.bundle";
		};
/* End PBXNativeTarget section */

/* Begin PBXProject section */
		0FCED1771DAACAFE00C71689 /* Project object */ = {
			isa = PBXProject;
			attributes = {
				LastUpgradeCheck = 0800;
				ORGANIZATIONNAME = "Jean Guyomarc'h";
				TargetAttributes = {
					0F0C2AA61DBF426100AD7D07 = {
						CreatedOnToolsVersion = 8.0;
						ProvisioningStyle = Automatic;
					};
				};
			};
			buildConfigurationList = 0FCED17A1DAACAFE00C71689 /* Build configuration list for PBXProject "pud-quicklook" */;
			compatibilityVersion = "Xcode 3.2";
			developmentRegion = English;
			hasScannedForEncodings = 0;
			knownRegions = (
				en,
			);
			mainGroup = 0FCED1761DAACAFE00C71689;
			productRefGroup = 0FCED1811DAACAFF00C71689 /* Products */;
			projectDirPath = "";
			projectRoot = "";
			targets = (
				0F0C2AA61DBF426100AD7D07 /* pud-quicklook */,
			);
		};
/* End PBXProject section */

/* Begin PBXResourcesBuildPhase section */
		0F0C2AA51DBF426100AD7D07 /* Resources */ = {
			isa = PBXResourcesBuildPhase;
			buildActionMask = 2147483647;
			files = (
			);
			runOnlyForDeploymentPostprocessing = 0;
		};
/* End PBXResourcesBuildPhase section */

/* Begin PBXSourcesBuildPhase section */
		0F0C2AA21DBF426100AD7D07 /* Sources */ = {
			isa = PBXSourcesBuildPhase;
			buildActionMask = 2147483647;
			files = (
				0F0C2AB71DBF42F400AD7D07 /* GeneratePreviewForURL.c in Sources */,
				0F0C2ABC1DBF431E00AD7D07 /* ql_generate.c in Sources */,
				0F0C2AB81DBF42F400AD7D07 /* GenerateThumbnailForURL.c in Sources */,
				0F0C2AB91DBF42F400AD7D07 /* main.c in Sources */,
			);
			runOnlyForDeploymentPostprocessing = 0;
		};
/* End PBXSourcesBuildPhase section */

/* Begin XCBuildConfiguration section */
		0F0C2AB11DBF426200AD7D07 /* Debug */ = {
			isa = XCBuildConfiguration;
			buildSettings = {
				CLANG_ENABLE_CODE_COVERAGE = NO;
				CLANG_LINK_OBJC_RUNTIME = NO;
				COMBINE_HIDPI_IMAGES = YES;
				GCC_ENABLE_CPP_EXCEPTIONS = NO;
				GCC_ENABLE_CPP_RTTI = NO;
				GCC_ENABLE_OBJC_EXCEPTIONS = NO;
				GCC_ENABLE_PASCAL_STRINGS = NO;
				GCC_SYMBOLS_PRIVATE_EXTERN = YES;
				GCC_THREADSAFE_STATICS = NO;
				GCC_UNROLL_LOOPS = YES;
				GCC_WARN_PEDANTIC = YES;
				INFOPLIST_FILE = "pud-quicklook/Info.plist";
				INSTALL_PATH = /Library/QuickLook;
				LIBRARY_SEARCH_PATHS = "";
				OTHER_LDFLAGS = ./build/libpud/libpud.a;
				PRODUCT_BUNDLE_IDENTIFIER = "com.jeanguyomarch.pud-quicklook";
				PRODUCT_NAME = "$(TARGET_NAME)";
				WRAPPER_EXTENSION = qlgenerator;
			};
			name = Debug;
		};
		0F0C2AB21DBF426200AD7D07 /* Release */ = {
			isa = XCBuildConfiguration;
			buildSettings = {
				CLANG_ENABLE_CODE_COVERAGE = NO;
				CLANG_LINK_OBJC_RUNTIME = NO;
				COMBINE_HIDPI_IMAGES = YES;
				GCC_ENABLE_CPP_EXCEPTIONS = NO;
				GCC_ENABLE_CPP_RTTI = NO;
				GCC_ENABLE_OBJC_EXCEPTIONS = NO;
				GCC_ENABLE_PASCAL_STRINGS = NO;
				GCC_OPTIMIZATION_LEVEL = 3;
				GCC_SYMBOLS_PRIVATE_EXTERN = YES;
				GCC_THREADSAFE_STATICS = NO;
				GCC_UNROLL_LOOPS = YES;
				GCC_WARN_PEDANTIC = YES;
				INFOPLIST_FILE = "pud-quicklook/Info.plist";
				INSTALL_PATH = /Library/QuickLook;
				LIBRARY_SEARCH_PATHS = "";
				OTHER_LDFLAGS = ./build/libpud/libpud.a;
				PRODUCT_BUNDLE_IDENTIFIER = "com.jeanguyomarch.pud-quicklook";
				PRODUCT_NAME = "$(TARGET_NAME)";
				WRAPPER_EXTENSION = qlgenerator;
			};
			name = Release;
		};
		0FCED18A1DAACAFF00C71689 /* Debug */ = {
			isa = XCBuildConfiguration;
			buildSettings = {
				ALWAYS_SEARCH_USER_PATHS = NO;
				CLANG_ANALYZER_NONNULL = YES;
				CLANG_CXX_LANGUAGE_STANDARD = "gnu++0x";
				CLANG_CXX_LIBRARY = "libc++";
				CLANG_ENABLE_MODULES = YES;
				CLANG_ENABLE_OBJC_ARC = YES;
				CLANG_WARN_BOOL_CONVERSION = YES;
				CLANG_WARN_CONSTANT_CONVERSION = YES;
				CLANG_WARN_DIRECT_OBJC_ISA_USAGE = YES_ERROR;
				CLANG_WARN_DOCUMENTATION_COMMENTS = YES;
				CLANG_WARN_EMPTY_BODY = YES;
				CLANG_WARN_ENUM_CONVERSION = YES;
				CLANG_WARN_INFINITE_RECURSION = YES;
				CLANG_WARN_INT_CONVERSION = YES;
				CLANG_WARN_OBJC_ROOT_CLASS = YES_ERROR;
				CLANG_WARN_SUSPICIOUS_MOVES = YES;
				CLANG_WARN_UNREACHABLE_CODE = YES;
				CLANG_WARN__DUPLICATE_METHOD_MATCH = YES;
				CODE_SIGN_IDENTITY = "-";
				COPY_PHASE_STRIP = NO;
				DEBUG_INFORMATION_FORMAT = dwarf;
				ENABLE_STRICT_OBJC_MSGSEND = YES;
				ENABLE_TESTABILITY = YES;
				GCC_C_LANGUAGE_STANDARD = gnu99;
				GCC_DYNAMIC_NO_PIC = NO;
				GCC_NO_COMMON_BLOCKS = YES;
				GCC_OPTIMIZATION_LEVEL = 0;
				GCC_PREPROCESSOR_DEFINITIONS = (
					"DEBUG=1",
					"$(inherited)",
				);
				GCC_WARN_64_TO_32_BIT_CONVERSION = YES;
				GCC_WARN_ABOUT_RETURN_TYPE = YES_ERROR;
				GCC_WARN_UNDECLARED_SELECTOR = YES;
				GCC_WARN_UNINITIALIZED_AUTOS = YES_AGGRESSIVE;
				GCC_WARN_UNUSED_FUNCTION = YES;
				GCC_WARN_UNUSED_VARIABLE = YES;
				MACOSX_DEPLOYMENT_TARGET = 10.12;
				MTL_ENABLE_DEBUG_INFO = YES;
				ONLY_ACTIVE_ARCH = YES;
				OTHER_CFLAGS = "-I./war2tools/include";
				SDKROOT = macosx;
			};
			name = Debug;
		};
		0FCED18B1DAACAFF00C71689 /* Release */ = {
			isa = XCBuildConfiguration;
			buildSettings = {
				ALWAYS_SEARCH_USER_PATHS = NO;
				CLANG_ANALYZER_NONNULL = YES;
				CLANG_CXX_LANGUAGE_STANDARD = "gnu++0x";
				CLANG_CXX_LIBRARY = "libc++";
				CLANG_ENABLE_MODULES = YES;
				CLANG_ENABLE_OBJC_ARC = YES;
				CLANG_WARN_BOOL_CONVERSION = YES;
				CLANG_WARN_CONSTANT_CONVERSION = YES;
				CLANG_WARN_DIRECT_OBJC_ISA_USAGE = YES_ERROR;
				CLANG_WARN_DOCUMENTATION_COMMENTS = YES;
				CLANG_WARN_EMPTY_BODY = YES;
				CLANG_WARN_ENUM_CONVERSION = YES;
				CLANG_WARN_INFINITE_RECURSION = YES;
				CLANG_WARN_INT_CONVERSION = YES;
				CLANG_WARN_OBJC_ROOT_CLASS = YES_ERROR;
				CLANG_WARN_SUSPICIOUS_MOVES = YES;
				CLANG_WARN_UNREACHABLE_CODE = YES;
				CLANG_WARN__DUPLICATE_METHOD_MATCH = YES;
				CODE_SIGN_IDENTITY = "-";
				COPY_PHASE_STRIP = NO;
				DEBUG_INFORMATION_FORMAT = "dwarf-with-dsym";
				ENABLE_NS_ASSERTIONS = NO;
				ENABLE_STRICT_OBJC_MSGSEND = YES;
				GCC_C_LANGUAGE_STANDARD = gnu99;
				GCC_NO_COMMON_BLOCKS = YES;
				GCC_WARN_64_TO_32_BIT_CONVERSION = YES;
				GCC_WARN_ABOUT_RETURN_TYPE = YES_ERROR;
				GCC_WARN_UNDECLARED_SELECTOR = YES;
				GCC_WARN_UNINITIALIZED_AUTOS = YES_AGGRESSIVE;
				GCC_WARN_UNUSED_FUNCTION = YES;
				GCC_WARN_UNUSED_VARIABLE = YES;
				MACOSX_DEPLOYMENT_TARGET = 10.12;
				MTL_ENABLE_DEBUG_INFO = NO;
				OTHER_CFLAGS = "-I./war2tools/include";
				SDKROOT = macosx;
			};
			name = Release;
		};
/* End XCBuildConfiguration section */

/* Begin XCConfigurationList section */
		0F0C2AB01DBF426200AD7D07 /* Build configuration list for PBXNativeTarget "pud-quicklook" */ = {
			isa = XCConfigurationList;
			buildConfigurations = (
				0F0C2AB11DBF426200AD7D07 /* Debug */,
				0F0C2AB21DBF426200AD7D07 /* Release */,
			);
			defaultConfigurationIsVisible = 0;
		};
		0FCED17A1DAACAFE00C71689 /* Build configuration list for PBXProject "pud-quicklook" */ = {
			isa = XCConfigurationList;
			buildConfigurations = (
				0FCED18A1DAACAFF00C71689 /* Debug */,
				0FCED18B1DAACAFF00C71689 /* Release */,
			);
			defaultConfigurationIsVisible = 0;
			defaultConfigurationName = Release;
		};
/* End XCConfigurationList section */
	};
	rootObject = 0FCED1771DAACAFE00C71689 /* Project object */;
}
